
Microsoft Visual Studio Solution File, Format Version 12.00
# Visual Studio Version 17
VisualStudioVersion = 17.9.34701.34
MinimumVisualStudioVersion = 10.0.40219.1
Project("{FAE04EC0-301F-11D3-BF4B-00C04F79EFBC}") = "PR_7.2", "PR_7.2.csproj", "{1B64BD09-0170-44F6-B912-BF818B80E854}"
EndProject
Global
	GlobalSection(SolutionConfigurationPlatforms) = preSolution
		Debug|Any CPU = Debug|Any CPU
		Release|Any CPU = Release|Any CPU
	EndGlobalSection
	GlobalSection(ProjectConfigurationPlatforms) = postSolution
		{1B64BD09-0170-44F6-B912-BF818B80E854}.Debug|Any CPU.ActiveCfg = Debug|Any CPU
		{1B64BD09-0170-44F6-B912-BF818B80E854}.Debug|Any CPU.Build.0 = Debug|Any CPU
		{1B64BD09-0170-44F6-B912-BF818B80E854}.Release|Any CPU.ActiveCfg = Release|Any CPU
		{1B64BD09-0170-44F6-B912-BF818B80E854}.Release|Any CPU.Build.0 = Release|Any CPU
	EndGlobalSection
	GlobalSection(SolutionProperties) = preSolution
		HideSolutionNode = FALSE
	EndGlobalSection
	GlobalSection(ExtensibilityGlobals) = postSolution
		SolutionGuid = {D1EFC859-B6D2-411B-8738-E9B61302CFA9}
	EndGlobalSection
EndGlobal
